
Microsoft Visual Studio Solution File, Format Version 12.00
# Visual Studio Version 17
VisualStudioVersion = 17.2.32602.215
MinimumVisualStudioVersion = 10.0.40219.1
Project("{FAE04EC0-301F-11D3-BF4B-00C04F79EFBC}") = "1.Array(Matrix)", "1.Array(Matrix)\1.Array(Matrix).csproj", "{11D47809-BC49-493F-95BB-337803002BE6}"
EndProject
Project("{FAE04EC0-301F-11D3-BF4B-00C04F79EFBC}") = "2.Recursive Algorithms", "2.Recursive Algorithms\2.Recursive Algorithms.csproj", "{93A720E6-C646-4FDC-A867-AB88C21E6320}"
EndProject
Project("{FAE04EC0-301F-11D3-BF4B-00C04F79EFBC}") = "3.DataHash", "3.DataHash\3.DataHash.csproj", "{CF9D3FF4-F999-4A21-A4F6-B3930377C9F3}"
EndProject
Project("{FAE04EC0-301F-11D3-BF4B-00C04F79EFBC}") = "4.OOP", "4.OOP\4.OOP.csproj", "{7531138F-E525-4FCC-83B8-68BAF5B38536}"
EndProject
Global
	GlobalSection(SolutionConfigurationPlatforms) = preSolution
		Debug|Any CPU = Debug|Any CPU
		Release|Any CPU = Release|Any CPU
	EndGlobalSection
	GlobalSection(ProjectConfigurationPlatforms) = postSolution
		{11D47809-BC49-493F-95BB-337803002BE6}.Debug|Any CPU.ActiveCfg = Debug|Any CPU
		{11D47809-BC49-493F-95BB-337803002BE6}.Debug|Any CPU.Build.0 = Debug|Any CPU
		{11D47809-BC49-493F-95BB-337803002BE6}.Release|Any CPU.ActiveCfg = Release|Any CPU
		{11D47809-BC49-493F-95BB-337803002BE6}.Release|Any CPU.Build.0 = Release|Any CPU
		{93A720E6-C646-4FDC-A867-AB88C21E6320}.Debug|Any CPU.ActiveCfg = Debug|Any CPU
		{93A720E6-C646-4FDC-A867-AB88C21E6320}.Debug|Any CPU.Build.0 = Debug|Any CPU
		{93A720E6-C646-4FDC-A867-AB88C21E6320}.Release|Any CPU.ActiveCfg = Release|Any CPU
		{93A720E6-C646-4FDC-A867-AB88C21E6320}.Release|Any CPU.Build.0 = Release|Any CPU
		{CF9D3FF4-F999-4A21-A4F6-B3930377C9F3}.Debug|Any CPU.ActiveCfg = Debug|Any CPU
		{CF9D3FF4-F999-4A21-A4F6-B3930377C9F3}.Debug|Any CPU.Build.0 = Debug|Any CPU
		{CF9D3FF4-F999-4A21-A4F6-B3930377C9F3}.Release|Any CPU.ActiveCfg = Release|Any CPU
		{CF9D3FF4-F999-4A21-A4F6-B3930377C9F3}.Release|Any CPU.Build.0 = Release|Any CPU
		{7531138F-E525-4FCC-83B8-68BAF5B38536}.Debug|Any CPU.ActiveCfg = Debug|Any CPU
		{7531138F-E525-4FCC-83B8-68BAF5B38536}.Debug|Any CPU.Build.0 = Debug|Any CPU
		{7531138F-E525-4FCC-83B8-68BAF5B38536}.Release|Any CPU.ActiveCfg = Release|Any CPU
		{7531138F-E525-4FCC-83B8-68BAF5B38536}.Release|Any CPU.Build.0 = Release|Any CPU
	EndGlobalSection
	GlobalSection(SolutionProperties) = preSolution
		HideSolutionNode = FALSE
	EndGlobalSection
	GlobalSection(ExtensibilityGlobals) = postSolution
		SolutionGuid = {2FC6C99A-9B5D-488B-AAAD-7D1619BABEC7}
	EndGlobalSection
EndGlobal
