
Microsoft Visual Studio Solution File, Format Version 12.00
# Visual Studio Version 16
VisualStudioVersion = 16.0.31129.286
MinimumVisualStudioVersion = 10.0.40219.1
Project("{9A19103F-16F7-4668-BE54-9A1E7A4F7556}") = "Net14", "Net14\Net14.csproj", "{7B3094C1-3ABD-4528-A2B4-643073C4408B}"
EndProject
Project("{9A19103F-16F7-4668-BE54-9A1E7A4F7556}") = "Net14.Tests", "Net14.Tests\Net14.Tests.csproj", "{C951C890-8B4B-4A06-A9BA-9EBC1B326436}"
EndProject
Project("{9A19103F-16F7-4668-BE54-9A1E7A4F7556}") = "MazeCool", "MazeCool\MazeCool.csproj", "{F4D576D1-8D98-45FD-AD66-3051B201583A}"
EndProject
Project("{9A19103F-16F7-4668-BE54-9A1E7A4F7556}") = "TeamSocial", "TeamSocial\TeamSocial.csproj", "{8DCE8D7C-AFF8-4586-9940-F637F790D45B}"
EndProject
Project("{9A19103F-16F7-4668-BE54-9A1E7A4F7556}") = "Team_Store", "Team_Store\Team_Store.csproj", "{466B10AC-DCA7-406F-B21D-3F8FB47D329E}"
EndProject
Project("{9A19103F-16F7-4668-BE54-9A1E7A4F7556}") = "Net14.Web", "Net14.Web\Net14.Web.csproj", "{3F8E978C-D9D7-4299-8FA6-5247C888CB93}"
EndProject
Project("{9A19103F-16F7-4668-BE54-9A1E7A4F7556}") = "Calendar", "Calendar\Calendar.csproj", "{3060716E-1A9E-448F-BA65-60B980F96E81}"

EndProject
Global
	GlobalSection(SolutionConfigurationPlatforms) = preSolution
		Debug|Any CPU = Debug|Any CPU
		Release|Any CPU = Release|Any CPU
	EndGlobalSection
	GlobalSection(ProjectConfigurationPlatforms) = postSolution
		{7B3094C1-3ABD-4528-A2B4-643073C4408B}.Debug|Any CPU.ActiveCfg = Debug|Any CPU
		{7B3094C1-3ABD-4528-A2B4-643073C4408B}.Debug|Any CPU.Build.0 = Debug|Any CPU
		{7B3094C1-3ABD-4528-A2B4-643073C4408B}.Release|Any CPU.ActiveCfg = Release|Any CPU
		{7B3094C1-3ABD-4528-A2B4-643073C4408B}.Release|Any CPU.Build.0 = Release|Any CPU
		{C951C890-8B4B-4A06-A9BA-9EBC1B326436}.Debug|Any CPU.ActiveCfg = Debug|Any CPU
		{C951C890-8B4B-4A06-A9BA-9EBC1B326436}.Debug|Any CPU.Build.0 = Debug|Any CPU
		{C951C890-8B4B-4A06-A9BA-9EBC1B326436}.Release|Any CPU.ActiveCfg = Release|Any CPU
		{C951C890-8B4B-4A06-A9BA-9EBC1B326436}.Release|Any CPU.Build.0 = Release|Any CPU
		{F4D576D1-8D98-45FD-AD66-3051B201583A}.Debug|Any CPU.ActiveCfg = Debug|Any CPU
		{F4D576D1-8D98-45FD-AD66-3051B201583A}.Debug|Any CPU.Build.0 = Debug|Any CPU
		{F4D576D1-8D98-45FD-AD66-3051B201583A}.Release|Any CPU.ActiveCfg = Release|Any CPU
		{F4D576D1-8D98-45FD-AD66-3051B201583A}.Release|Any CPU.Build.0 = Release|Any CPU
		{8DCE8D7C-AFF8-4586-9940-F637F790D45B}.Debug|Any CPU.ActiveCfg = Debug|Any CPU
		{8DCE8D7C-AFF8-4586-9940-F637F790D45B}.Debug|Any CPU.Build.0 = Debug|Any CPU
		{8DCE8D7C-AFF8-4586-9940-F637F790D45B}.Release|Any CPU.ActiveCfg = Release|Any CPU
		{8DCE8D7C-AFF8-4586-9940-F637F790D45B}.Release|Any CPU.Build.0 = Release|Any CPU
		{466B10AC-DCA7-406F-B21D-3F8FB47D329E}.Debug|Any CPU.ActiveCfg = Debug|Any CPU
		{466B10AC-DCA7-406F-B21D-3F8FB47D329E}.Debug|Any CPU.Build.0 = Debug|Any CPU
		{466B10AC-DCA7-406F-B21D-3F8FB47D329E}.Release|Any CPU.ActiveCfg = Release|Any CPU
		{466B10AC-DCA7-406F-B21D-3F8FB47D329E}.Release|Any CPU.Build.0 = Release|Any CPU
    {3F8E978C-D9D7-4299-8FA6-5247C888CB93}.Debug|Any CPU.ActiveCfg = Debug|Any CPU
		{3F8E978C-D9D7-4299-8FA6-5247C888CB93}.Debug|Any CPU.Build.0 = Debug|Any CPU
		{3F8E978C-D9D7-4299-8FA6-5247C888CB93}.Release|Any CPU.ActiveCfg = Release|Any CPU
		{3F8E978C-D9D7-4299-8FA6-5247C888CB93}.Release|Any CPU.Build.0 = Release|Any CPU
		{3060716E-1A9E-448F-BA65-60B980F96E81}.Debug|Any CPU.ActiveCfg = Debug|Any CPU
		{3060716E-1A9E-448F-BA65-60B980F96E81}.Debug|Any CPU.Build.0 = Debug|Any CPU
		{3060716E-1A9E-448F-BA65-60B980F96E81}.Release|Any CPU.ActiveCfg = Release|Any CPU
		{3060716E-1A9E-448F-BA65-60B980F96E81}.Release|Any CPU.Build.0 = Release|Any CPU
	EndGlobalSection
	GlobalSection(SolutionProperties) = preSolution
		HideSolutionNode = FALSE
	EndGlobalSection
	GlobalSection(ExtensibilityGlobals) = postSolution
		SolutionGuid = {504D33ED-9EC0-44FB-B99D-751A1F46AB6B}
	EndGlobalSection
EndGlobal
